
Microsoft Visual Studio Solution File, Format Version 12.00
# Visual Studio Version 17
VisualStudioVersion = 17.0.32112.339
MinimumVisualStudioVersion = 10.0.40219.1
Project("{FAE04EC0-301F-11D3-BF4B-00C04F79EFBC}") = "Shopping.Aggregator", "Shopping.Aggregator.csproj", "{6574D073-EC7D-4A74-9445-906035C0B16E}"
EndProject
Global
	GlobalSection(SolutionConfigurationPlatforms) = preSolution
		Debug|Any CPU = Debug|Any CPU
		Release|Any CPU = Release|Any CPU
	EndGlobalSection
	GlobalSection(ProjectConfigurationPlatforms) = postSolution
		{6574D073-EC7D-4A74-9445-906035C0B16E}.Debug|Any CPU.ActiveCfg = Debug|Any CPU
		{6574D073-EC7D-4A74-9445-906035C0B16E}.Debug|Any CPU.Build.0 = Debug|Any CPU
		{6574D073-EC7D-4A74-9445-906035C0B16E}.Release|Any CPU.ActiveCfg = Release|Any CPU
		{6574D073-EC7D-4A74-9445-906035C0B16E}.Release|Any CPU.Build.0 = Release|Any CPU
	EndGlobalSection
	GlobalSection(SolutionProperties) = preSolution
		HideSolutionNode = FALSE
	EndGlobalSection
	GlobalSection(ExtensibilityGlobals) = postSolution
		SolutionGuid = {CFFB0C7A-943B-45BC-9676-2B14FC4715B7}
	EndGlobalSection
EndGlobal
